# THIS IS AN AUTOGENERATED FILE. DO NOT EDIT THIS FILE DIRECTLY.
# yarn lockfile v1


"@a-la/detect-jsx@^1.0.2":
  version "1.0.2"
  resolved "https://registry.yarnpkg.com/@a-la/detect-jsx/-/detect-jsx-1.0.2.tgz#8bf79bb5f977a9b41581c37b4fc835cb3995f64c"
  integrity sha512-ud0BJXhJnI70hMksAa3e6HebyHuoa7YdP0W3kDXR326foLjiFSZVBwwY2YSqUKOL92Xek2R8sNtK4TPuTyNN4g==

"@artdeco/clean-stack@^1.1.1":
  version "1.1.1"
  resolved "https://registry.yarnpkg.com/@artdeco/clean-stack/-/clean-stack-1.1.1.tgz#0a68b9a061b5076ebaf948c150ea26d09c1e753f"
  integrity sha512-q5lO3vGUo0WgkSqzgzjL0HQdA9t2HzQqZISuVuQWMh9xqLuiLFP/ZTsxFc8vpMl7mNpGk7Mm0OeyFQ+Evrp0Cw==

"@wrote/read@^1.0.4":
  version "1.0.4"
  resolved "https://registry.yarnpkg.com/@wrote/read/-/read-1.0.4.tgz#b7343b3bbfb1d1b9ed35ee87e8021730f13f5fcf"
  integrity sha512-wRvv11mvywo2UIeFhvJ7SCO30hvW0P6jMBo1cAlYQOFwbdbTZYZxHdb1zz3VMF8o74W3xQAuvS78DNmA47NumQ==
  dependencies:
    catchment "^3.3.0"

"@zoroaster/assert@^1.0.2":
  version "1.0.2"
  resolved "https://registry.yarnpkg.com/@zoroaster/assert/-/assert-1.0.2.tgz#8ffe2ebb10c81d570d4965080f942af688321a1f"
  integrity sha512-5C0LDzW8DkiSSCLyYO9ux3R5ru65yEn/GtxH1wh7ukRhLAZ/Svx4+A81YvciXcn35B2VmvCqyiTrhNdxdgusSw==

"@zoroaster/mask@^2.4.0":
  version "2.4.0"
  resolved "https://registry.yarnpkg.com/@zoroaster/mask/-/mask-2.4.0.tgz#9c5400928f6bb88aeef0971325aa6558a87ce435"
  integrity sha512-vJ71/qOb7H3YMa0hF7hAapbB/Vk1BlXKRkIsNSuCLBK4fe2wHsj06eVFNCjRz5KpgAyvAXLHrdYAGbGdwzwacw==

alamode@^3.3.2, alamode@^3.3.3:
  version "3.3.3"
  resolved "https://registry.yarnpkg.com/alamode/-/alamode-3.3.3.tgz#914bdac548157f58afa8479610f2562143046627"
  integrity sha512-V8tqaU+8BjWPOmBiM9UzM7sjfNgpT9AKLTQ1/FAoCNUt2jqDFKq0ftI5zVJeIj4Nsm1AYYqnMQSxDeGx6JvSIg==

argufy@^1.7.5:
  version "1.7.5"
  resolved "https://registry.yarnpkg.com/argufy/-/argufy-1.7.5.tgz#e0ead64079b746765f08643d3fc0d4629c7468c8"
  integrity sha512-vc/AqYhXqQyDSTVRx2RNIlKNTwSdsVBP3Tp512kOCgzz8IIaHbdebVdi3PDRG1PUXv0oH/KBzdvDlS04fVV9Jg==

catchment@^3.3.0:
  version "3.3.0"
  resolved "https://registry.yarnpkg.com/catchment/-/catchment-3.3.0.tgz#e57eb70183d6a75ee71da0cb8ec2e76ac01317d2"
  integrity sha512-PACm54CBCUZv1uEOMyNiB6i0kkDMdDN0+VYXIQAaeZMDcjudyPccgpYLWQfGCwCW/Q9SOfD6MyBLmxL3qh7V3A==
  dependencies:
    "@artdeco/clean-stack" "^1.1.1"
    erotic "^2.1.0"

documentary@^1.35.11:
  version "1.35.11"
  resolved "https://registry.yarnpkg.com/documentary/-/documentary-1.35.11.tgz#32f5c4418e18de4328b5c0007e6e673c185028f7"
  integrity sha512-J+L/VidZATZgsz63VrCXn0oTUKFgkfcqRREq8/fcRZi58dn3NfbiJ9daiOu4W90qFUyKRDg/ljCM3Ih2UaPlTA==
  dependencies:
    alamode "^3.3.2"
    preact "8.5.3"
    typal "^1.26.2"

erotic@^2.1.0:
  version "2.1.1"
  resolved "https://registry.yarnpkg.com/erotic/-/erotic-2.1.1.tgz#97f20c2d6e7fd2ec6f7996823009d3ac8ae7157f"
  integrity sha512-S1ns+uibigdXxxzqiO5VNZw3d0YNrVb4jZ7OUAklO4722/ytp+nta6txsUhYmnIEI0TF7jjXNjGvcmw0I/Rs7A==
  dependencies:
    "@artdeco/clean-stack" "^1.1.1"

eslint-config-artdeco@1.0.1:
  version "1.0.1"
  resolved "https://registry.yarnpkg.com/eslint-config-artdeco/-/eslint-config-artdeco-1.0.1.tgz#4451c9d0ed1ce4d33dfd43a6315f12c8bfb04274"
  integrity sha1-RFHJ0O0c5NM9/UOmMV8SyL+wQnQ=

preact@8.5.3:
  version "8.5.3"
  resolved "https://registry.yarnpkg.com/preact/-/preact-8.5.3.tgz#78c2a5562fcecb1fed1d0055fa4ac1e27bde17c1"
  integrity sha512-O3kKP+1YdgqHOFsZF2a9JVdtqD+RPzCQc3rP+Ualf7V6rmRDchZ9MJbiGTT7LuyqFKZqlHSOyO/oMFmI2lVTsw==

restream@^3.7.4:
  version "3.7.4"
  resolved "https://registry.yarnpkg.com/restream/-/restream-3.7.4.tgz#e86c455f92ba65ce41d9e450ed54d065a130f89c"
  integrity sha512-heKiPfU5CLE/jTLcs53MyvE1jje/V/JViAD95LMY1p0XVDLyVcyM4iUo0iYUnuNUYTUxrJyKpXDTu7GKOr0pFA==
  dependencies:
    "@artdeco/clean-stack" "^1.1.1"
    catchment "^3.3.0"

typal@^1.26.2:
  version "1.26.2"
  resolved "https://registry.yarnpkg.com/typal/-/typal-1.26.2.tgz#081ae64710cdb2ccb593280a874372f945182c7f"
  integrity sha512-ljiVBveC6U4a83g0NBGW2JaYHT7bsUitxYtaznQAHppGgG8XScx4oZjd6zaqv0QpfOb6MMmqrMLGuGG2xl/xgw==

yarn-s@1.2.3:
  version "1.2.3"
  resolved "https://registry.yarnpkg.com/yarn-s/-/yarn-s-1.2.3.tgz#ec8fac3bca62c4c970b7e88eef98a5f01c421dab"
  integrity sha512-XNV6KYcT6LCLlogwbArTrn8wlqYVnlR+MqAZULxNVaShw7qrBx5PjsNSIMbKFIRxPKdjisv7O8oBg9mWY63Tvw==

zoroaster@^4.2.0:
  version "4.2.0"
  resolved "https://registry.yarnpkg.com/zoroaster/-/zoroaster-4.2.0.tgz#f532b78307c487b62a00856b4b5afe560360c4a4"
  integrity sha512-xlgjS7dXoh/ajc+jEcqx4iTax3rm3pk7XRJ2yWtT+PBzGmH3TgF6KMjrp5NcAp4CgDX9DsC82G6+v60j9m7mxQ==
  dependencies:
    "@zoroaster/assert" "^1.0.2"
    "@zoroaster/mask" "^2.4.0"
    alamode "^3.3.2"
